version = 1
revision = 1
requires-python = ">=3.13"

[[package]]
name = "cards"
source = { directory = "cards_proj" }
dependencies = [
    { name = "rich" },
    { name = "tinydb" },
    { name = "typer" },
]

[package.metadata]
requires-dist = [
    { name = "coverage", marker = "extra == 'test'" },
    { name = "faker", marker = "extra == 'test'" },
    { name = "pytest", marker = "extra == 'test'" },
    { name = "pytest-cov", marker = "extra == 'test'" },
    { name = "rich", specifier = "==10.7.0" },
    { name = "tinydb", specifier = "==4.5.1" },
    { name = "tox", marker = "extra == 'test'" },
    { name = "typer", specifier = "==0.3.2" },
]
provides-extras = ["test"]

[[package]]
name = "click"
version = "7.1.2"
source = { registry = "https://pypi.org/simple" }
sdist = { url = "https://files.pythonhosted.org/packages/27/6f/be940c8b1f1d69daceeb0032fee6c34d7bd70e3e649ccac0951500b4720e/click-7.1.2.tar.gz", hash = "sha256:d2b5255c7c6349bc1bd1e59e08cd12acbbd63ce649f2588755783aa94dfb6b1a", size = 297279 }
wheels = [
    { url = "https://files.pythonhosted.org/packages/d2/3d/fa76db83bf75c4f8d338c2fd15c8d33fdd7ad23a9b5e57eb6c5de26b430e/click-7.1.2-py2.py3-none-any.whl", hash = "sha256:dacca89f4bfadd5de3d7489b7c8a566eee0d3676333fbb50030263894c38c0dc", size = 82780 },
]

[[package]]
name = "colorama"
version = "0.4.6"
source = { registry = "https://pypi.org/simple" }
sdist = { url = "https://files.pythonhosted.org/packages/d8/53/6f443c9a4a8358a93a6792e2acffb9d9d5cb0a5cfd8802644b7b1c9a02e4/colorama-0.4.6.tar.gz", hash = "sha256:08695f5cb7ed6e0531a20572697297273c47b8cae5a63ffc6d6ed5c201be6e44", size = 27697 }
wheels = [
    { url = "https://files.pythonhosted.org/packages/d1/d6/3965ed04c63042e047cb6a3e6ed1a63a35087b6a609aa3a15ed8ac56c221/colorama-0.4.6-py2.py3-none-any.whl", hash = "sha256:4f1d9991f5acc0ca119f9d443620b77f9d6b33703e51011c16baf57afb285fc6", size = 25335 },
]

[[package]]
name = "commonmark"
version = "0.9.1"
source = { registry = "https://pypi.org/simple" }
sdist = { url = "https://files.pythonhosted.org/packages/60/48/a60f593447e8f0894ebb7f6e6c1f25dafc5e89c5879fdc9360ae93ff83f0/commonmark-0.9.1.tar.gz", hash = "sha256:452f9dc859be7f06631ddcb328b6919c67984aca654e5fefb3914d54691aed60", size = 95764 }
wheels = [
    { url = "https://files.pythonhosted.org/packages/b1/92/dfd892312d822f36c55366118b95d914e5f16de11044a27cf10a7d71bbbf/commonmark-0.9.1-py2.py3-none-any.whl", hash = "sha256:da2f38c92590f83de410ba1a3cbceafbc74fee9def35f9251ba9a971d6d66fd9", size = 51068 },
]

[[package]]
name = "pygments"
version = "2.19.1"
source = { registry = "https://pypi.org/simple" }
sdist = { url = "https://files.pythonhosted.org/packages/7c/2d/c3338d48ea6cc0feb8446d8e6937e1408088a72a39937982cc6111d17f84/pygments-2.19.1.tar.gz", hash = "sha256:61c16d2a8576dc0649d9f39e089b5f02bcd27fba10d8fb4dcc28173f7a45151f", size = 4968581 }
wheels = [
    { url = "https://files.pythonhosted.org/packages/8a/0b/9fcc47d19c48b59121088dd6da2488a49d5f72dacf8262e2790a1d2c7d15/pygments-2.19.1-py3-none-any.whl", hash = "sha256:9ea1544ad55cecf4b8242fab6dd35a93bbce657034b0611ee383099054ab6d8c", size = 1225293 },
]

[[package]]
name = "pytest-book"
version = "0.1.0"
source = { virtual = "." }
dependencies = [
    { name = "cards" },
]

[package.metadata]
requires-dist = [{ name = "cards", directory = "cards_proj" }]

[package.metadata.requires-dev]
dev = []

[[package]]
name = "rich"
version = "10.7.0"
source = { registry = "https://pypi.org/simple" }
dependencies = [
    { name = "colorama" },
    { name = "commonmark" },
    { name = "pygments" },
]
sdist = { url = "https://files.pythonhosted.org/packages/6b/ea/af2a2218d57cc52dc7f14e4350ee9647fa79c6c820cfc05c438795fb13b4/rich-10.7.0.tar.gz", hash = "sha256:13ac80676e12cf528dc4228dc682c8402f82577c2aa67191e294350fa2c3c4e9", size = 192962 }
wheels = [
    { url = "https://files.pythonhosted.org/packages/f4/9b/e285beab9985d3d666dc9f48abcfd5838c6af7712fb028f6280e9e1d4720/rich-10.7.0-py3-none-any.whl", hash = "sha256:517b4e0efd064dd1fe821ca93dd3095d73380ceac1f0a07173d507d9b18f1396", size = 209555 },
]

[[package]]
name = "tinydb"
version = "4.5.1"
source = { registry = "https://pypi.org/simple" }
sdist = { url = "https://files.pythonhosted.org/packages/42/17/5c81cdaea6afd396cef72776b7e31c26bc1482086979f758dd25cb6a79f0/tinydb-4.5.1.tar.gz", hash = "sha256:b780bceac6e37573b10fbcab6bcebb6b8bd5d8a0024533b5a452d9ef83465783", size = 22574 }
wheels = [
    { url = "https://files.pythonhosted.org/packages/4c/9c/137dd3aac4e55da4b4c6b34c4a1b729a0aee08350d03bab205472341c3bf/tinydb-4.5.1-py3-none-any.whl", hash = "sha256:99529ea4d5d4b7a3fd4b3f50b48b5023c31d6f7a4a87bb103b4abd1d959d93b9", size = 23540 },
]

[[package]]
name = "typer"
version = "0.3.2"
source = { registry = "https://pypi.org/simple" }
dependencies = [
    { name = "click" },
]
sdist = { url = "https://files.pythonhosted.org/packages/d5/74/40abdad73bc8b5b17a5a6e442fc57b20f5cc2ee869632625083762490de6/typer-0.3.2.tar.gz", hash = "sha256:5455d750122cff96745b0dec87368f56d023725a7ebc9d2e54dd23dc86816303", size = 206705 }
wheels = [
    { url = "https://files.pythonhosted.org/packages/90/34/d138832f6945432c638f32137e6c79a3b682f06a63c488dcfaca6b166c64/typer-0.3.2-py3-none-any.whl", hash = "sha256:ba58b920ce851b12a2d790143009fa00ac1d05b3ff3257061ff69dbdfc3d161b", size = 21955 },
]
